
Microsoft Visual Studio Solution File, Format Version 12.00
# Visual Studio Version 16
VisualStudioVersion = 16.0.29519.87
MinimumVisualStudioVersion = 10.0.40219.1
Project("{FAE04EC0-301F-11D3-BF4B-00C04F79EFBC}") = "Tema1", "Tema1\Tema1.csproj", "{8DE7E5D3-9E64-48CC-9940-4FC23AF7CD5F}"
EndProject
Global
	GlobalSection(SolutionConfigurationPlatforms) = preSolution
		Debug|Any CPU = Debug|Any CPU
		Release|Any CPU = Release|Any CPU
	EndGlobalSection
	GlobalSection(ProjectConfigurationPlatforms) = postSolution
		{8DE7E5D3-9E64-48CC-9940-4FC23AF7CD5F}.Debug|Any CPU.ActiveCfg = Debug|Any CPU
		{8DE7E5D3-9E64-48CC-9940-4FC23AF7CD5F}.Debug|Any CPU.Build.0 = Debug|Any CPU
		{8DE7E5D3-9E64-48CC-9940-4FC23AF7CD5F}.Release|Any CPU.ActiveCfg = Release|Any CPU
		{8DE7E5D3-9E64-48CC-9940-4FC23AF7CD5F}.Release|Any CPU.Build.0 = Release|Any CPU
	EndGlobalSection
	GlobalSection(SolutionProperties) = preSolution
		HideSolutionNode = FALSE
	EndGlobalSection
	GlobalSection(ExtensibilityGlobals) = postSolution
		SolutionGuid = {DC83C61F-B862-4EC0-BB5B-1571EA8F45EA}
	EndGlobalSection
EndGlobal
